
Microsoft Visual Studio Solution File, Format Version 12.00
# Visual Studio 15
VisualStudioVersion = 15.0.28307.421
MinimumVisualStudioVersion = 10.0.40219.1
Project("{FAE04EC0-301F-11D3-BF4B-00C04F79EFBC}") = "Test", "Test\Test.csproj", "{D0E5C378-1BF8-44CC-9417-9EF3842FEB5A}"
EndProject
Project("{FAE04EC0-301F-11D3-BF4B-00C04F79EFBC}") = "ChartView", "ChartView\ChartView.csproj", "{0993A27F-962A-49E7-9E32-1CB7C1C0E5A0}"
EndProject
Project("{FAE04EC0-301F-11D3-BF4B-00C04F79EFBC}") = "TestWinform", "TestWinform\TestWinform.csproj", "{A95F2AA3-3B38-480B-AD6F-4E4EAF27DDA9}"
EndProject
Project("{FAE04EC0-301F-11D3-BF4B-00C04F79EFBC}") = "OpenXmlReport", "Report\OpenXmlReport\OpenXmlReport.csproj", "{D748DB08-8E39-41CC-BD76-E066FF82E715}"
EndProject
Project("{2150E333-8FDC-42A3-9474-1A3956D46DE8}") = "Report", "Report", "{0D452DFB-E918-47D3-90D2-13CA74D35EA3}"
EndProject
Project("{FAE04EC0-301F-11D3-BF4B-00C04F79EFBC}") = "ReportExport", "Report\ReportExport\ReportExport.csproj", "{3EFABAF2-3635-45DA-BAD8-54E6451BBC8C}"
EndProject
Project("{FAE04EC0-301F-11D3-BF4B-00C04F79EFBC}") = "TestForm", "Report\TestForm\TestForm.csproj", "{FB9E08FE-9262-4C58-A599-4EE8186D4604}"
EndProject
Project("{2150E333-8FDC-42A3-9474-1A3956D46DE8}") = "DeviceSim", "DeviceSim", "{7B94119E-1B2D-4B0F-803F-75105A17BEE3}"
EndProject
Project("{FAE04EC0-301F-11D3-BF4B-00C04F79EFBC}") = "DeviceSimViewApp", "DeviceSim\DeviceSimViewApp\DeviceSimViewApp.csproj", "{35F14FAC-E8EB-4078-A5B6-E354775C6A2A}"
EndProject
Project("{FAE04EC0-301F-11D3-BF4B-00C04F79EFBC}") = "DeviceSimlib", "DeviceSim\DeviceSimlib\DeviceSimlib.csproj", "{1859493C-2728-4872-8913-AE6E6069FCA1}"
EndProject
Project("{FAE04EC0-301F-11D3-BF4B-00C04F79EFBC}") = "OpenXmlCidGenerator", "Report\OpenXmlCidGenerator\OpenXmlCidGenerator.csproj", "{DB7FBF65-FF65-4965-A6FF-E12C34B38219}"
EndProject
Project("{FAE04EC0-301F-11D3-BF4B-00C04F79EFBC}") = "EBD195", "D:\文件\工作\协议\EBD195\EBD195.csproj", "{D6E3095B-5FCB-4DA5-9A26-DDBD5BE918CB}"
EndProject
Project("{2150E333-8FDC-42A3-9474-1A3956D46DE8}") = "Device", "Device", "{46903DEA-E551-4FD0-A6A8-D97B5DBD00E3}"
EndProject
Project("{FAE04EC0-301F-11D3-BF4B-00C04F79EFBC}") = "EBD195Sim", "DeviceSim\Device\EBD195Sim\EBD195Sim.csproj", "{91D2360A-8C0F-4745-84B1-98CAF56319B0}"
EndProject
Project("{FAE04EC0-301F-11D3-BF4B-00C04F79EFBC}") = "DDF550Sim", "DeviceSim\Device\DDF550Sim\DDF550Sim.csproj", "{C91E92CA-0186-4C83-906F-B516D0BE05FB}"
EndProject
Project("{FAE04EC0-301F-11D3-BF4B-00C04F79EFBC}") = "DDF550TestClient", "DeviceSim\DDF550TestClient\DDF550TestClient.csproj", "{B2BCBF47-56A5-43A3-BC7B-AF8DB74C5098}"
EndProject
Project("{2150E333-8FDC-42A3-9474-1A3956D46DE8}") = "WPFControls", "WPFControls", "{EE813CA8-7CD7-4C76-80CA-844AE10808A2}"
EndProject
Project("{2150E333-8FDC-42A3-9474-1A3956D46DE8}") = "DellRemotingSwitch", "DellRemotingSwitch", "{6F100289-B0E2-47C4-9609-7727AA3622C9}"
EndProject
Project("{FAE04EC0-301F-11D3-BF4B-00C04F79EFBC}") = "DellRemotingSwitch", "DellRemotingSwitch\DellRemotingSwitch\DellRemotingSwitch.csproj", "{81584621-60C1-4670-9DD3-9AA3F8E6977D}"
EndProject
Project("{2150E333-8FDC-42A3-9474-1A3956D46DE8}") = "C++学习", "C++学习", "{A83A4D9D-91F8-46CC-BAEB-932FA9AC2D85}"
EndProject
Project("{8BC9CEB8-8B4A-11D0-8D11-00A0C91BC942}") = "CPlusplusStudy", "C++Study\CPlusplusStudy\CPlusplusStudy.vcxproj", "{7EE16777-F695-43FF-9DFC-4CEC14D1F6B7}"
EndProject
Project("{2150E333-8FDC-42A3-9474-1A3956D46DE8}") = "天津项目", "天津项目", "{7A26854E-0DEC-48D2-A21B-F17A325A9E90}"
EndProject
Project("{FAE04EC0-301F-11D3-BF4B-00C04F79EFBC}") = "ODM20181102TJ01", "天津项目\ODM20181102TJ01\ODM20181102TJ01.csproj", "{986A5631-8196-48A9-889E-4EAF7B9F6C63}"
EndProject
Global
	GlobalSection(SolutionConfigurationPlatforms) = preSolution
		Debug|Any CPU = Debug|Any CPU
		Debug|x64 = Debug|x64
		Debug|x86 = Debug|x86
		Release|Any CPU = Release|Any CPU
		Release|x64 = Release|x64
		Release|x86 = Release|x86
	EndGlobalSection
	GlobalSection(ProjectConfigurationPlatforms) = postSolution
		{D0E5C378-1BF8-44CC-9417-9EF3842FEB5A}.Debug|Any CPU.ActiveCfg = Debug|Any CPU
		{D0E5C378-1BF8-44CC-9417-9EF3842FEB5A}.Debug|Any CPU.Build.0 = Debug|Any CPU
		{D0E5C378-1BF8-44CC-9417-9EF3842FEB5A}.Debug|x64.ActiveCfg = Debug|Any CPU
		{D0E5C378-1BF8-44CC-9417-9EF3842FEB5A}.Debug|x64.Build.0 = Debug|Any CPU
		{D0E5C378-1BF8-44CC-9417-9EF3842FEB5A}.Debug|x86.ActiveCfg = Debug|Any CPU
		{D0E5C378-1BF8-44CC-9417-9EF3842FEB5A}.Debug|x86.Build.0 = Debug|Any CPU
		{D0E5C378-1BF8-44CC-9417-9EF3842FEB5A}.Release|Any CPU.ActiveCfg = Release|Any CPU
		{D0E5C378-1BF8-44CC-9417-9EF3842FEB5A}.Release|Any CPU.Build.0 = Release|Any CPU
		{D0E5C378-1BF8-44CC-9417-9EF3842FEB5A}.Release|x64.ActiveCfg = Release|Any CPU
		{D0E5C378-1BF8-44CC-9417-9EF3842FEB5A}.Release|x64.Build.0 = Release|Any CPU
		{D0E5C378-1BF8-44CC-9417-9EF3842FEB5A}.Release|x86.ActiveCfg = Release|Any CPU
		{D0E5C378-1BF8-44CC-9417-9EF3842FEB5A}.Release|x86.Build.0 = Release|Any CPU
		{0993A27F-962A-49E7-9E32-1CB7C1C0E5A0}.Debug|Any CPU.ActiveCfg = Debug|Any CPU
		{0993A27F-962A-49E7-9E32-1CB7C1C0E5A0}.Debug|Any CPU.Build.0 = Debug|Any CPU
		{0993A27F-962A-49E7-9E32-1CB7C1C0E5A0}.Debug|x64.ActiveCfg = Debug|Any CPU
		{0993A27F-962A-49E7-9E32-1CB7C1C0E5A0}.Debug|x64.Build.0 = Debug|Any CPU
		{0993A27F-962A-49E7-9E32-1CB7C1C0E5A0}.Debug|x86.ActiveCfg = Debug|Any CPU
		{0993A27F-962A-49E7-9E32-1CB7C1C0E5A0}.Debug|x86.Build.0 = Debug|Any CPU
		{0993A27F-962A-49E7-9E32-1CB7C1C0E5A0}.Release|Any CPU.ActiveCfg = Release|Any CPU
		{0993A27F-962A-49E7-9E32-1CB7C1C0E5A0}.Release|Any CPU.Build.0 = Release|Any CPU
		{0993A27F-962A-49E7-9E32-1CB7C1C0E5A0}.Release|x64.ActiveCfg = Release|Any CPU
		{0993A27F-962A-49E7-9E32-1CB7C1C0E5A0}.Release|x64.Build.0 = Release|Any CPU
		{0993A27F-962A-49E7-9E32-1CB7C1C0E5A0}.Release|x86.ActiveCfg = Release|Any CPU
		{0993A27F-962A-49E7-9E32-1CB7C1C0E5A0}.Release|x86.Build.0 = Release|Any CPU
		{A95F2AA3-3B38-480B-AD6F-4E4EAF27DDA9}.Debug|Any CPU.ActiveCfg = Debug|Any CPU
		{A95F2AA3-3B38-480B-AD6F-4E4EAF27DDA9}.Debug|Any CPU.Build.0 = Debug|Any CPU
		{A95F2AA3-3B38-480B-AD6F-4E4EAF27DDA9}.Debug|x64.ActiveCfg = Debug|Any CPU
		{A95F2AA3-3B38-480B-AD6F-4E4EAF27DDA9}.Debug|x64.Build.0 = Debug|Any CPU
		{A95F2AA3-3B38-480B-AD6F-4E4EAF27DDA9}.Debug|x86.ActiveCfg = Debug|Any CPU
		{A95F2AA3-3B38-480B-AD6F-4E4EAF27DDA9}.Debug|x86.Build.0 = Debug|Any CPU
		{A95F2AA3-3B38-480B-AD6F-4E4EAF27DDA9}.Release|Any CPU.ActiveCfg = Release|Any CPU
		{A95F2AA3-3B38-480B-AD6F-4E4EAF27DDA9}.Release|Any CPU.Build.0 = Release|Any CPU
		{A95F2AA3-3B38-480B-AD6F-4E4EAF27DDA9}.Release|x64.ActiveCfg = Release|Any CPU
		{A95F2AA3-3B38-480B-AD6F-4E4EAF27DDA9}.Release|x64.Build.0 = Release|Any CPU
		{A95F2AA3-3B38-480B-AD6F-4E4EAF27DDA9}.Release|x86.ActiveCfg = Release|Any CPU
		{A95F2AA3-3B38-480B-AD6F-4E4EAF27DDA9}.Release|x86.Build.0 = Release|Any CPU
		{D748DB08-8E39-41CC-BD76-E066FF82E715}.Debug|Any CPU.ActiveCfg = Debug|Any CPU
		{D748DB08-8E39-41CC-BD76-E066FF82E715}.Debug|Any CPU.Build.0 = Debug|Any CPU
		{D748DB08-8E39-41CC-BD76-E066FF82E715}.Debug|x64.ActiveCfg = Debug|Any CPU
		{D748DB08-8E39-41CC-BD76-E066FF82E715}.Debug|x64.Build.0 = Debug|Any CPU
		{D748DB08-8E39-41CC-BD76-E066FF82E715}.Debug|x86.ActiveCfg = Debug|Any CPU
		{D748DB08-8E39-41CC-BD76-E066FF82E715}.Debug|x86.Build.0 = Debug|Any CPU
		{D748DB08-8E39-41CC-BD76-E066FF82E715}.Release|Any CPU.ActiveCfg = Release|Any CPU
		{D748DB08-8E39-41CC-BD76-E066FF82E715}.Release|Any CPU.Build.0 = Release|Any CPU
		{D748DB08-8E39-41CC-BD76-E066FF82E715}.Release|x64.ActiveCfg = Release|Any CPU
		{D748DB08-8E39-41CC-BD76-E066FF82E715}.Release|x64.Build.0 = Release|Any CPU
		{D748DB08-8E39-41CC-BD76-E066FF82E715}.Release|x86.ActiveCfg = Release|Any CPU
		{D748DB08-8E39-41CC-BD76-E066FF82E715}.Release|x86.Build.0 = Release|Any CPU
		{3EFABAF2-3635-45DA-BAD8-54E6451BBC8C}.Debug|Any CPU.ActiveCfg = Debug|Any CPU
		{3EFABAF2-3635-45DA-BAD8-54E6451BBC8C}.Debug|Any CPU.Build.0 = Debug|Any CPU
		{3EFABAF2-3635-45DA-BAD8-54E6451BBC8C}.Debug|x64.ActiveCfg = Debug|Any CPU
		{3EFABAF2-3635-45DA-BAD8-54E6451BBC8C}.Debug|x64.Build.0 = Debug|Any CPU
		{3EFABAF2-3635-45DA-BAD8-54E6451BBC8C}.Debug|x86.ActiveCfg = Debug|Any CPU
		{3EFABAF2-3635-45DA-BAD8-54E6451BBC8C}.Debug|x86.Build.0 = Debug|Any CPU
		{3EFABAF2-3635-45DA-BAD8-54E6451BBC8C}.Release|Any CPU.ActiveCfg = Release|Any CPU
		{3EFABAF2-3635-45DA-BAD8-54E6451BBC8C}.Release|Any CPU.Build.0 = Release|Any CPU
		{3EFABAF2-3635-45DA-BAD8-54E6451BBC8C}.Release|x64.ActiveCfg = Release|Any CPU
		{3EFABAF2-3635-45DA-BAD8-54E6451BBC8C}.Release|x64.Build.0 = Release|Any CPU
		{3EFABAF2-3635-45DA-BAD8-54E6451BBC8C}.Release|x86.ActiveCfg = Release|Any CPU
		{3EFABAF2-3635-45DA-BAD8-54E6451BBC8C}.Release|x86.Build.0 = Release|Any CPU
		{FB9E08FE-9262-4C58-A599-4EE8186D4604}.Debug|Any CPU.ActiveCfg = Debug|Any CPU
		{FB9E08FE-9262-4C58-A599-4EE8186D4604}.Debug|Any CPU.Build.0 = Debug|Any CPU
		{FB9E08FE-9262-4C58-A599-4EE8186D4604}.Debug|x64.ActiveCfg = Debug|Any CPU
		{FB9E08FE-9262-4C58-A599-4EE8186D4604}.Debug|x64.Build.0 = Debug|Any CPU
		{FB9E08FE-9262-4C58-A599-4EE8186D4604}.Debug|x86.ActiveCfg = Debug|Any CPU
		{FB9E08FE-9262-4C58-A599-4EE8186D4604}.Debug|x86.Build.0 = Debug|Any CPU
		{FB9E08FE-9262-4C58-A599-4EE8186D4604}.Release|Any CPU.ActiveCfg = Release|Any CPU
		{FB9E08FE-9262-4C58-A599-4EE8186D4604}.Release|Any CPU.Build.0 = Release|Any CPU
		{FB9E08FE-9262-4C58-A599-4EE8186D4604}.Release|x64.ActiveCfg = Release|Any CPU
		{FB9E08FE-9262-4C58-A599-4EE8186D4604}.Release|x64.Build.0 = Release|Any CPU
		{FB9E08FE-9262-4C58-A599-4EE8186D4604}.Release|x86.ActiveCfg = Release|Any CPU
		{FB9E08FE-9262-4C58-A599-4EE8186D4604}.Release|x86.Build.0 = Release|Any CPU
		{35F14FAC-E8EB-4078-A5B6-E354775C6A2A}.Debug|Any CPU.ActiveCfg = Debug|Any CPU
		{35F14FAC-E8EB-4078-A5B6-E354775C6A2A}.Debug|Any CPU.Build.0 = Debug|Any CPU
		{35F14FAC-E8EB-4078-A5B6-E354775C6A2A}.Debug|x64.ActiveCfg = Debug|Any CPU
		{35F14FAC-E8EB-4078-A5B6-E354775C6A2A}.Debug|x64.Build.0 = Debug|Any CPU
		{35F14FAC-E8EB-4078-A5B6-E354775C6A2A}.Debug|x86.ActiveCfg = Debug|Any CPU
		{35F14FAC-E8EB-4078-A5B6-E354775C6A2A}.Debug|x86.Build.0 = Debug|Any CPU
		{35F14FAC-E8EB-4078-A5B6-E354775C6A2A}.Release|Any CPU.ActiveCfg = Release|Any CPU
		{35F14FAC-E8EB-4078-A5B6-E354775C6A2A}.Release|Any CPU.Build.0 = Release|Any CPU
		{35F14FAC-E8EB-4078-A5B6-E354775C6A2A}.Release|x64.ActiveCfg = Release|Any CPU
		{35F14FAC-E8EB-4078-A5B6-E354775C6A2A}.Release|x64.Build.0 = Release|Any CPU
		{35F14FAC-E8EB-4078-A5B6-E354775C6A2A}.Release|x86.ActiveCfg = Release|Any CPU
		{35F14FAC-E8EB-4078-A5B6-E354775C6A2A}.Release|x86.Build.0 = Release|Any CPU
		{1859493C-2728-4872-8913-AE6E6069FCA1}.Debug|Any CPU.ActiveCfg = Debug|Any CPU
		{1859493C-2728-4872-8913-AE6E6069FCA1}.Debug|Any CPU.Build.0 = Debug|Any CPU
		{1859493C-2728-4872-8913-AE6E6069FCA1}.Debug|x64.ActiveCfg = Debug|Any CPU
		{1859493C-2728-4872-8913-AE6E6069FCA1}.Debug|x64.Build.0 = Debug|Any CPU
		{1859493C-2728-4872-8913-AE6E6069FCA1}.Debug|x86.ActiveCfg = Debug|Any CPU
		{1859493C-2728-4872-8913-AE6E6069FCA1}.Debug|x86.Build.0 = Debug|Any CPU
		{1859493C-2728-4872-8913-AE6E6069FCA1}.Release|Any CPU.ActiveCfg = Release|Any CPU
		{1859493C-2728-4872-8913-AE6E6069FCA1}.Release|Any CPU.Build.0 = Release|Any CPU
		{1859493C-2728-4872-8913-AE6E6069FCA1}.Release|x64.ActiveCfg = Release|Any CPU
		{1859493C-2728-4872-8913-AE6E6069FCA1}.Release|x64.Build.0 = Release|Any CPU
		{1859493C-2728-4872-8913-AE6E6069FCA1}.Release|x86.ActiveCfg = Release|Any CPU
		{1859493C-2728-4872-8913-AE6E6069FCA1}.Release|x86.Build.0 = Release|Any CPU
		{DB7FBF65-FF65-4965-A6FF-E12C34B38219}.Debug|Any CPU.ActiveCfg = Debug|x86
		{DB7FBF65-FF65-4965-A6FF-E12C34B38219}.Debug|x64.ActiveCfg = Debug|x86
		{DB7FBF65-FF65-4965-A6FF-E12C34B38219}.Debug|x86.ActiveCfg = Debug|x86
		{DB7FBF65-FF65-4965-A6FF-E12C34B38219}.Debug|x86.Build.0 = Debug|x86
		{DB7FBF65-FF65-4965-A6FF-E12C34B38219}.Release|Any CPU.ActiveCfg = Release|x86
		{DB7FBF65-FF65-4965-A6FF-E12C34B38219}.Release|x64.ActiveCfg = Release|x86
		{DB7FBF65-FF65-4965-A6FF-E12C34B38219}.Release|x86.ActiveCfg = Release|x86
		{DB7FBF65-FF65-4965-A6FF-E12C34B38219}.Release|x86.Build.0 = Release|x86
		{D6E3095B-5FCB-4DA5-9A26-DDBD5BE918CB}.Debug|Any CPU.ActiveCfg = Debug|Any CPU
		{D6E3095B-5FCB-4DA5-9A26-DDBD5BE918CB}.Debug|Any CPU.Build.0 = Debug|Any CPU
		{D6E3095B-5FCB-4DA5-9A26-DDBD5BE918CB}.Debug|x64.ActiveCfg = Debug|Any CPU
		{D6E3095B-5FCB-4DA5-9A26-DDBD5BE918CB}.Debug|x86.ActiveCfg = Debug|Any CPU
		{D6E3095B-5FCB-4DA5-9A26-DDBD5BE918CB}.Debug|x86.Build.0 = Debug|Any CPU
		{D6E3095B-5FCB-4DA5-9A26-DDBD5BE918CB}.Release|Any CPU.ActiveCfg = Release|Any CPU
		{D6E3095B-5FCB-4DA5-9A26-DDBD5BE918CB}.Release|Any CPU.Build.0 = Release|Any CPU
		{D6E3095B-5FCB-4DA5-9A26-DDBD5BE918CB}.Release|x64.ActiveCfg = Release|Any CPU
		{D6E3095B-5FCB-4DA5-9A26-DDBD5BE918CB}.Release|x86.ActiveCfg = Release|Any CPU
		{D6E3095B-5FCB-4DA5-9A26-DDBD5BE918CB}.Release|x86.Build.0 = Release|Any CPU
		{91D2360A-8C0F-4745-84B1-98CAF56319B0}.Debug|Any CPU.ActiveCfg = Debug|Any CPU
		{91D2360A-8C0F-4745-84B1-98CAF56319B0}.Debug|Any CPU.Build.0 = Debug|Any CPU
		{91D2360A-8C0F-4745-84B1-98CAF56319B0}.Debug|x64.ActiveCfg = Debug|Any CPU
		{91D2360A-8C0F-4745-84B1-98CAF56319B0}.Debug|x64.Build.0 = Debug|Any CPU
		{91D2360A-8C0F-4745-84B1-98CAF56319B0}.Debug|x86.ActiveCfg = Debug|Any CPU
		{91D2360A-8C0F-4745-84B1-98CAF56319B0}.Debug|x86.Build.0 = Debug|Any CPU
		{91D2360A-8C0F-4745-84B1-98CAF56319B0}.Release|Any CPU.ActiveCfg = Release|Any CPU
		{91D2360A-8C0F-4745-84B1-98CAF56319B0}.Release|Any CPU.Build.0 = Release|Any CPU
		{91D2360A-8C0F-4745-84B1-98CAF56319B0}.Release|x64.ActiveCfg = Release|Any CPU
		{91D2360A-8C0F-4745-84B1-98CAF56319B0}.Release|x64.Build.0 = Release|Any CPU
		{91D2360A-8C0F-4745-84B1-98CAF56319B0}.Release|x86.ActiveCfg = Release|Any CPU
		{91D2360A-8C0F-4745-84B1-98CAF56319B0}.Release|x86.Build.0 = Release|Any CPU
		{C91E92CA-0186-4C83-906F-B516D0BE05FB}.Debug|Any CPU.ActiveCfg = Debug|Any CPU
		{C91E92CA-0186-4C83-906F-B516D0BE05FB}.Debug|Any CPU.Build.0 = Debug|Any CPU
		{C91E92CA-0186-4C83-906F-B516D0BE05FB}.Debug|x64.ActiveCfg = Debug|Any CPU
		{C91E92CA-0186-4C83-906F-B516D0BE05FB}.Debug|x64.Build.0 = Debug|Any CPU
		{C91E92CA-0186-4C83-906F-B516D0BE05FB}.Debug|x86.ActiveCfg = Debug|Any CPU
		{C91E92CA-0186-4C83-906F-B516D0BE05FB}.Debug|x86.Build.0 = Debug|Any CPU
		{C91E92CA-0186-4C83-906F-B516D0BE05FB}.Release|Any CPU.ActiveCfg = Release|Any CPU
		{C91E92CA-0186-4C83-906F-B516D0BE05FB}.Release|Any CPU.Build.0 = Release|Any CPU
		{C91E92CA-0186-4C83-906F-B516D0BE05FB}.Release|x64.ActiveCfg = Release|Any CPU
		{C91E92CA-0186-4C83-906F-B516D0BE05FB}.Release|x64.Build.0 = Release|Any CPU
		{C91E92CA-0186-4C83-906F-B516D0BE05FB}.Release|x86.ActiveCfg = Release|Any CPU
		{C91E92CA-0186-4C83-906F-B516D0BE05FB}.Release|x86.Build.0 = Release|Any CPU
		{B2BCBF47-56A5-43A3-BC7B-AF8DB74C5098}.Debug|Any CPU.ActiveCfg = Debug|Any CPU
		{B2BCBF47-56A5-43A3-BC7B-AF8DB74C5098}.Debug|Any CPU.Build.0 = Debug|Any CPU
		{B2BCBF47-56A5-43A3-BC7B-AF8DB74C5098}.Debug|x64.ActiveCfg = Debug|Any CPU
		{B2BCBF47-56A5-43A3-BC7B-AF8DB74C5098}.Debug|x64.Build.0 = Debug|Any CPU
		{B2BCBF47-56A5-43A3-BC7B-AF8DB74C5098}.Debug|x86.ActiveCfg = Debug|Any CPU
		{B2BCBF47-56A5-43A3-BC7B-AF8DB74C5098}.Debug|x86.Build.0 = Debug|Any CPU
		{B2BCBF47-56A5-43A3-BC7B-AF8DB74C5098}.Release|Any CPU.ActiveCfg = Release|Any CPU
		{B2BCBF47-56A5-43A3-BC7B-AF8DB74C5098}.Release|Any CPU.Build.0 = Release|Any CPU
		{B2BCBF47-56A5-43A3-BC7B-AF8DB74C5098}.Release|x64.ActiveCfg = Release|Any CPU
		{B2BCBF47-56A5-43A3-BC7B-AF8DB74C5098}.Release|x64.Build.0 = Release|Any CPU
		{B2BCBF47-56A5-43A3-BC7B-AF8DB74C5098}.Release|x86.ActiveCfg = Release|Any CPU
		{B2BCBF47-56A5-43A3-BC7B-AF8DB74C5098}.Release|x86.Build.0 = Release|Any CPU
		{81584621-60C1-4670-9DD3-9AA3F8E6977D}.Debug|Any CPU.ActiveCfg = Debug|Any CPU
		{81584621-60C1-4670-9DD3-9AA3F8E6977D}.Debug|Any CPU.Build.0 = Debug|Any CPU
		{81584621-60C1-4670-9DD3-9AA3F8E6977D}.Debug|x64.ActiveCfg = Debug|Any CPU
		{81584621-60C1-4670-9DD3-9AA3F8E6977D}.Debug|x64.Build.0 = Debug|Any CPU
		{81584621-60C1-4670-9DD3-9AA3F8E6977D}.Debug|x86.ActiveCfg = Debug|Any CPU
		{81584621-60C1-4670-9DD3-9AA3F8E6977D}.Debug|x86.Build.0 = Debug|Any CPU
		{81584621-60C1-4670-9DD3-9AA3F8E6977D}.Release|Any CPU.ActiveCfg = Release|Any CPU
		{81584621-60C1-4670-9DD3-9AA3F8E6977D}.Release|Any CPU.Build.0 = Release|Any CPU
		{81584621-60C1-4670-9DD3-9AA3F8E6977D}.Release|x64.ActiveCfg = Release|Any CPU
		{81584621-60C1-4670-9DD3-9AA3F8E6977D}.Release|x64.Build.0 = Release|Any CPU
		{81584621-60C1-4670-9DD3-9AA3F8E6977D}.Release|x86.ActiveCfg = Release|Any CPU
		{81584621-60C1-4670-9DD3-9AA3F8E6977D}.Release|x86.Build.0 = Release|Any CPU
		{7EE16777-F695-43FF-9DFC-4CEC14D1F6B7}.Debug|Any CPU.ActiveCfg = Debug|Win32
		{7EE16777-F695-43FF-9DFC-4CEC14D1F6B7}.Debug|x64.ActiveCfg = Debug|x64
		{7EE16777-F695-43FF-9DFC-4CEC14D1F6B7}.Debug|x64.Build.0 = Debug|x64
		{7EE16777-F695-43FF-9DFC-4CEC14D1F6B7}.Debug|x86.ActiveCfg = Debug|Win32
		{7EE16777-F695-43FF-9DFC-4CEC14D1F6B7}.Debug|x86.Build.0 = Debug|Win32
		{7EE16777-F695-43FF-9DFC-4CEC14D1F6B7}.Release|Any CPU.ActiveCfg = Release|Win32
		{7EE16777-F695-43FF-9DFC-4CEC14D1F6B7}.Release|x64.ActiveCfg = Release|x64
		{7EE16777-F695-43FF-9DFC-4CEC14D1F6B7}.Release|x64.Build.0 = Release|x64
		{7EE16777-F695-43FF-9DFC-4CEC14D1F6B7}.Release|x86.ActiveCfg = Release|Win32
		{7EE16777-F695-43FF-9DFC-4CEC14D1F6B7}.Release|x86.Build.0 = Release|Win32
		{986A5631-8196-48A9-889E-4EAF7B9F6C63}.Debug|Any CPU.ActiveCfg = Debug|Any CPU
		{986A5631-8196-48A9-889E-4EAF7B9F6C63}.Debug|Any CPU.Build.0 = Debug|Any CPU
		{986A5631-8196-48A9-889E-4EAF7B9F6C63}.Debug|x64.ActiveCfg = Debug|Any CPU
		{986A5631-8196-48A9-889E-4EAF7B9F6C63}.Debug|x64.Build.0 = Debug|Any CPU
		{986A5631-8196-48A9-889E-4EAF7B9F6C63}.Debug|x86.ActiveCfg = Debug|Any CPU
		{986A5631-8196-48A9-889E-4EAF7B9F6C63}.Debug|x86.Build.0 = Debug|Any CPU
		{986A5631-8196-48A9-889E-4EAF7B9F6C63}.Release|Any CPU.ActiveCfg = Release|Any CPU
		{986A5631-8196-48A9-889E-4EAF7B9F6C63}.Release|Any CPU.Build.0 = Release|Any CPU
		{986A5631-8196-48A9-889E-4EAF7B9F6C63}.Release|x64.ActiveCfg = Release|Any CPU
		{986A5631-8196-48A9-889E-4EAF7B9F6C63}.Release|x64.Build.0 = Release|Any CPU
		{986A5631-8196-48A9-889E-4EAF7B9F6C63}.Release|x86.ActiveCfg = Release|Any CPU
		{986A5631-8196-48A9-889E-4EAF7B9F6C63}.Release|x86.Build.0 = Release|Any CPU
	EndGlobalSection
	GlobalSection(SolutionProperties) = preSolution
		HideSolutionNode = FALSE
	EndGlobalSection
	GlobalSection(NestedProjects) = preSolution
		{D748DB08-8E39-41CC-BD76-E066FF82E715} = {0D452DFB-E918-47D3-90D2-13CA74D35EA3}
		{3EFABAF2-3635-45DA-BAD8-54E6451BBC8C} = {0D452DFB-E918-47D3-90D2-13CA74D35EA3}
		{FB9E08FE-9262-4C58-A599-4EE8186D4604} = {0D452DFB-E918-47D3-90D2-13CA74D35EA3}
		{35F14FAC-E8EB-4078-A5B6-E354775C6A2A} = {7B94119E-1B2D-4B0F-803F-75105A17BEE3}
		{1859493C-2728-4872-8913-AE6E6069FCA1} = {7B94119E-1B2D-4B0F-803F-75105A17BEE3}
		{DB7FBF65-FF65-4965-A6FF-E12C34B38219} = {0D452DFB-E918-47D3-90D2-13CA74D35EA3}
		{46903DEA-E551-4FD0-A6A8-D97B5DBD00E3} = {7B94119E-1B2D-4B0F-803F-75105A17BEE3}
		{91D2360A-8C0F-4745-84B1-98CAF56319B0} = {46903DEA-E551-4FD0-A6A8-D97B5DBD00E3}
		{C91E92CA-0186-4C83-906F-B516D0BE05FB} = {46903DEA-E551-4FD0-A6A8-D97B5DBD00E3}
		{B2BCBF47-56A5-43A3-BC7B-AF8DB74C5098} = {7B94119E-1B2D-4B0F-803F-75105A17BEE3}
		{81584621-60C1-4670-9DD3-9AA3F8E6977D} = {6F100289-B0E2-47C4-9609-7727AA3622C9}
		{986A5631-8196-48A9-889E-4EAF7B9F6C63} = {7A26854E-0DEC-48D2-A21B-F17A325A9E90}
	EndGlobalSection
	GlobalSection(ExtensibilityGlobals) = postSolution
		SolutionGuid = {A504C0A2-3FD5-4647-980B-352F8FDBE736}
	EndGlobalSection
EndGlobal
